github.com/Dorbmon/GoLayout v0.0.3 h1:uM+jzbUyeYCAsMZzG8b8ubFkStzk8tLshJ9zdW+hkEA=
github.com/Dorbmon/GoLayout v0.0.3/go.mod h1:ctBPBCgYapkysEbzdXVg3o1hQEgC+DW0Pxh735YdDj4=
github.com/veandco/go-sdl2 v0.4.7 h1:VfpCM+LfEGDbHdByglCo2bcBsevjFvzl8W0f6VLNitg=
github.com/veandco/go-sdl2 v0.4.7/go.mod h1:OROqMhHD43nT4/i9crJukyVecjPNYYuCofep6SNiAjY=
